// !$*UTF8*$!
{
	archiveVersion = 1;
	classes = {
	};
	objectVersion = 55;
	objects = {

/* Begin PBXBuildFile section */
		F213019827EA219F005D151F /* EpicEditView.swift in Sources */ = {isa = PBXBuildFile; fileRef = F213019727EA219F005D151F /* EpicEditView.swift */; };
		F213019927EA219F005D151F /* EpicEditView.swift in Sources */ = {isa = PBXBuildFile; fileRef = F213019727EA219F005D151F /* EpicEditView.swift */; };
		F213019B27EA9673005D151F /* CustomLabelStyles.swift in Sources */ = {isa = PBXBuildFile; fileRef = F213019A27EA9673005D151F /* CustomLabelStyles.swift */; };
		F213019C27EA9673005D151F /* CustomLabelStyles.swift in Sources */ = {isa = PBXBuildFile; fileRef = F213019A27EA9673005D151F /* CustomLabelStyles.swift */; };
		F267EE4827E12F2A006CEDF8 /* Task.swift in Sources */ = {isa = PBXBuildFile; fileRef = F267EE4727E12F2A006CEDF8 /* Task.swift */; };
		F267EE4927E12F2A006CEDF8 /* Task.swift in Sources */ = {isa = PBXBuildFile; fileRef = F267EE4727E12F2A006CEDF8 /* Task.swift */; };
		F267EE4B27E12F6A006CEDF8 /* Category.swift in Sources */ = {isa = PBXBuildFile; fileRef = F267EE4A27E12F6A006CEDF8 /* Category.swift */; };
		F267EE4C27E12F6A006CEDF8 /* Category.swift in Sources */ = {isa = PBXBuildFile; fileRef = F267EE4A27E12F6A006CEDF8 /* Category.swift */; };
		F267EE4E27E13003006CEDF8 /* Epic.swift in Sources */ = {isa = PBXBuildFile; fileRef = F267EE4D27E13003006CEDF8 /* Epic.swift */; };
		F267EE4F27E13003006CEDF8 /* Epic.swift in Sources */ = {isa = PBXBuildFile; fileRef = F267EE4D27E13003006CEDF8 /* Epic.swift */; };
		F267EE5127E130B5006CEDF8 /* Status.swift in Sources */ = {isa = PBXBuildFile; fileRef = F267EE5027E130B5006CEDF8 /* Status.swift */; };
		F267EE5227E130B5006CEDF8 /* Status.swift in Sources */ = {isa = PBXBuildFile; fileRef = F267EE5027E130B5006CEDF8 /* Status.swift */; };
		F267EE5427E1350F006CEDF8 /* WeeklyTasksView.swift in Sources */ = {isa = PBXBuildFile; fileRef = F267EE5327E1350F006CEDF8 /* WeeklyTasksView.swift */; };
		F267EE5527E1350F006CEDF8 /* WeeklyTasksView.swift in Sources */ = {isa = PBXBuildFile; fileRef = F267EE5327E1350F006CEDF8 /* WeeklyTasksView.swift */; };
		F285776C27E11B9A00A812F3 /* ChronosApp.swift in Sources */ = {isa = PBXBuildFile; fileRef = F285775C27E11B9A00A812F3 /* ChronosApp.swift */; };
		F285776D27E11B9A00A812F3 /* ChronosApp.swift in Sources */ = {isa = PBXBuildFile; fileRef = F285775C27E11B9A00A812F3 /* ChronosApp.swift */; };
		F285776E27E11B9A00A812F3 /* ContentView.swift in Sources */ = {isa = PBXBuildFile; fileRef = F285775D27E11B9A00A812F3 /* ContentView.swift */; };
		F285776F27E11B9A00A812F3 /* ContentView.swift in Sources */ = {isa = PBXBuildFile; fileRef = F285775D27E11B9A00A812F3 /* ContentView.swift */; };
		F285777027E11B9A00A812F3 /* Assets.xcassets in Resources */ = {isa = PBXBuildFile; fileRef = F285775E27E11B9A00A812F3 /* Assets.xcassets */; };
		F285777127E11B9A00A812F3 /* Assets.xcassets in Resources */ = {isa = PBXBuildFile; fileRef = F285775E27E11B9A00A812F3 /* Assets.xcassets */; };
		F285777C27E11CCE00A812F3 /* DailyTasksList.swift in Sources */ = {isa = PBXBuildFile; fileRef = F285777B27E11CCE00A812F3 /* DailyTasksList.swift */; };
		F285777D27E11CCE00A812F3 /* DailyTasksList.swift in Sources */ = {isa = PBXBuildFile; fileRef = F285777B27E11CCE00A812F3 /* DailyTasksList.swift */; };
		F299266527E203AB00CE26ED /* Emotion.swift in Sources */ = {isa = PBXBuildFile; fileRef = F299266427E203AB00CE26ED /* Emotion.swift */; };
		F299266627E203AB00CE26ED /* Emotion.swift in Sources */ = {isa = PBXBuildFile; fileRef = F299266427E203AB00CE26ED /* Emotion.swift */; };
		F299266C27E25B2400CE26ED /* Color+Codable.swift in Sources */ = {isa = PBXBuildFile; fileRef = F299266B27E25B2400CE26ED /* Color+Codable.swift */; };
		F299266D27E25B2400CE26ED /* Color+Codable.swift in Sources */ = {isa = PBXBuildFile; fileRef = F299266B27E25B2400CE26ED /* Color+Codable.swift */; };
		F299266F27E25DD300CE26ED /* TasksContainer.swift in Sources */ = {isa = PBXBuildFile; fileRef = F299266E27E25DD300CE26ED /* TasksContainer.swift */; };
		F299267027E25DD300CE26ED /* TasksContainer.swift in Sources */ = {isa = PBXBuildFile; fileRef = F299266E27E25DD300CE26ED /* TasksContainer.swift */; };
		F299267227E28A8C00CE26ED /* TaskEditView.swift in Sources */ = {isa = PBXBuildFile; fileRef = F299267127E28A8C00CE26ED /* TaskEditView.swift */; };
		F299267327E28A8C00CE26ED /* TaskEditView.swift in Sources */ = {isa = PBXBuildFile; fileRef = F299267127E28A8C00CE26ED /* TaskEditView.swift */; };
		F299267627E2957300CE26ED /* Binding+Optionals.swift in Sources */ = {isa = PBXBuildFile; fileRef = F299267527E2957300CE26ED /* Binding+Optionals.swift */; };
		F299267727E2957300CE26ED /* Binding+Optionals.swift in Sources */ = {isa = PBXBuildFile; fileRef = F299267527E2957300CE26ED /* Binding+Optionals.swift */; };
		F2F0825F27E7E1F60035D461 /* AppColors.swift in Sources */ = {isa = PBXBuildFile; fileRef = F2F0825E27E7E1F60035D461 /* AppColors.swift */; };
		F2F0826027E7E1F60035D461 /* AppColors.swift in Sources */ = {isa = PBXBuildFile; fileRef = F2F0825E27E7E1F60035D461 /* AppColors.swift */; };
		F2F0826227E8F7FE0035D461 /* ColorSelectorView.swift in Sources */ = {isa = PBXBuildFile; fileRef = F2F0826127E8F7FE0035D461 /* ColorSelectorView.swift */; };
		F2F0826327E8F7FE0035D461 /* ColorSelectorView.swift in Sources */ = {isa = PBXBuildFile; fileRef = F2F0826127E8F7FE0035D461 /* ColorSelectorView.swift */; };
		F2F7C0F727EE715000CB05F2 /* TasksOverview.swift in Sources */ = {isa = PBXBuildFile; fileRef = F2F7C0F627EE715000CB05F2 /* TasksOverview.swift */; };
		F2F7C0F827EE715000CB05F2 /* TasksOverview.swift in Sources */ = {isa = PBXBuildFile; fileRef = F2F7C0F627EE715000CB05F2 /* TasksOverview.swift */; };
		F2F7C0FA27EE7FB700CB05F2 /* TasksTableCell.swift in Sources */ = {isa = PBXBuildFile; fileRef = F2F7C0F927EE7FB700CB05F2 /* TasksTableCell.swift */; };
		F2F7C0FB27EE7FB700CB05F2 /* TasksTableCell.swift in Sources */ = {isa = PBXBuildFile; fileRef = F2F7C0F927EE7FB700CB05F2 /* TasksTableCell.swift */; };
		F2F7C0FD27EE804100CB05F2 /* TasksTableHeader.swift in Sources */ = {isa = PBXBuildFile; fileRef = F2F7C0FC27EE804100CB05F2 /* TasksTableHeader.swift */; };
		F2F7C0FE27EE804100CB05F2 /* TasksTableHeader.swift in Sources */ = {isa = PBXBuildFile; fileRef = F2F7C0FC27EE804100CB05F2 /* TasksTableHeader.swift */; };
/* End PBXBuildFile section */

/* Begin PBXFileReference section */
		F213019727EA219F005D151F /* EpicEditView.swift */ = {isa = PBXFileReference; lastKnownFileType = sourcecode.swift; path = EpicEditView.swift; sourceTree = "<group>"; };
		F213019A27EA9673005D151F /* CustomLabelStyles.swift */ = {isa = PBXFileReference; lastKnownFileType = sourcecode.swift; path = CustomLabelStyles.swift; sourceTree = "<group>"; };
		F267EE4727E12F2A006CEDF8 /* Task.swift */ = {isa = PBXFileReference; lastKnownFileType = sourcecode.swift; path = Task.swift; sourceTree = "<group>"; };
		F267EE4A27E12F6A006CEDF8 /* Category.swift */ = {isa = PBXFileReference; lastKnownFileType = sourcecode.swift; path = Category.swift; sourceTree = "<group>"; };
		F267EE4D27E13003006CEDF8 /* Epic.swift */ = {isa = PBXFileReference; lastKnownFileType = sourcecode.swift; path = Epic.swift; sourceTree = "<group>"; };
		F267EE5027E130B5006CEDF8 /* Status.swift */ = {isa = PBXFileReference; lastKnownFileType = sourcecode.swift; path = Status.swift; sourceTree = "<group>"; };
		F267EE5327E1350F006CEDF8 /* WeeklyTasksView.swift */ = {isa = PBXFileReference; lastKnownFileType = sourcecode.swift; path = WeeklyTasksView.swift; sourceTree = "<group>"; };
		F285775C27E11B9A00A812F3 /* ChronosApp.swift */ = {isa = PBXFileReference; lastKnownFileType = sourcecode.swift; path = ChronosApp.swift; sourceTree = "<group>"; };
		F285775D27E11B9A00A812F3 /* ContentView.swift */ = {isa = PBXFileReference; lastKnownFileType = sourcecode.swift; path = ContentView.swift; sourceTree = "<group>"; };
		F285775E27E11B9A00A812F3 /* Assets.xcassets */ = {isa = PBXFileReference; lastKnownFileType = folder.assetcatalog; path = Assets.xcassets; sourceTree = "<group>"; };
		F285776327E11B9A00A812F3 /* Chronos.app */ = {isa = PBXFileReference; explicitFileType = wrapper.application; includeInIndex = 0; path = Chronos.app; sourceTree = BUILT_PRODUCTS_DIR; };
		F285776927E11B9A00A812F3 /* Chronos.app */ = {isa = PBXFileReference; explicitFileType = wrapper.application; includeInIndex = 0; path = Chronos.app; sourceTree = BUILT_PRODUCTS_DIR; };
		F285776B27E11B9A00A812F3 /* macOS.entitlements */ = {isa = PBXFileReference; lastKnownFileType = text.plist.entitlements; path = macOS.entitlements; sourceTree = "<group>"; };
		F285777B27E11CCE00A812F3 /* DailyTasksList.swift */ = {isa = PBXFileReference; lastKnownFileType = sourcecode.swift; path = DailyTasksList.swift; sourceTree = "<group>"; };
		F299266427E203AB00CE26ED /* Emotion.swift */ = {isa = PBXFileReference; lastKnownFileType = sourcecode.swift; path = Emotion.swift; sourceTree = "<group>"; };
		F299266B27E25B2400CE26ED /* Color+Codable.swift */ = {isa = PBXFileReference; lastKnownFileType = sourcecode.swift; path = "Color+Codable.swift"; sourceTree = "<group>"; };
		F299266E27E25DD300CE26ED /* TasksContainer.swift */ = {isa = PBXFileReference; lastKnownFileType = sourcecode.swift; path = TasksContainer.swift; sourceTree = "<group>"; };
		F299267127E28A8C00CE26ED /* TaskEditView.swift */ = {isa = PBXFileReference; lastKnownFileType = sourcecode.swift; path = TaskEditView.swift; sourceTree = "<group>"; };
		F299267527E2957300CE26ED /* Binding+Optionals.swift */ = {isa = PBXFileReference; lastKnownFileType = sourcecode.swift; path = "Binding+Optionals.swift"; sourceTree = "<group>"; };
		F2F0825E27E7E1F60035D461 /* AppColors.swift */ = {isa = PBXFileReference; lastKnownFileType = sourcecode.swift; path = AppColors.swift; sourceTree = "<group>"; };
		F2F0826127E8F7FE0035D461 /* ColorSelectorView.swift */ = {isa = PBXFileReference; lastKnownFileType = sourcecode.swift; path = ColorSelectorView.swift; sourceTree = "<group>"; };
		F2F7C0F627EE715000CB05F2 /* TasksOverview.swift */ = {isa = PBXFileReference; lastKnownFileType = sourcecode.swift; path = TasksOverview.swift; sourceTree = "<group>"; };
		F2F7C0F927EE7FB700CB05F2 /* TasksTableCell.swift */ = {isa = PBXFileReference; lastKnownFileType = sourcecode.swift; path = TasksTableCell.swift; sourceTree = "<group>"; };
		F2F7C0FC27EE804100CB05F2 /* TasksTableHeader.swift */ = {isa = PBXFileReference; lastKnownFileType = sourcecode.swift; path = TasksTableHeader.swift; sourceTree = "<group>"; };
/* End PBXFileReference section */

/* Begin PBXFrameworksBuildPhase section */
		F285776027E11B9A00A812F3 /* Frameworks */ = {
			isa = PBXFrameworksBuildPhase;
			buildActionMask = 2147483647;
			files = (
			);
			runOnlyForDeploymentPostprocessing = 0;
		};
		F285776627E11B9A00A812F3 /* Frameworks */ = {
			isa = PBXFrameworksBuildPhase;
			buildActionMask = 2147483647;
			files = (
			);
			runOnlyForDeploymentPostprocessing = 0;
		};
/* End PBXFrameworksBuildPhase section */

/* Begin PBXGroup section */
		F213019627EA2190005D151F /* EditViews */ = {
			isa = PBXGroup;
			children = (
				F299267127E28A8C00CE26ED /* TaskEditView.swift */,
				F213019727EA219F005D151F /* EpicEditView.swift */,
			);
			path = EditViews;
			sourceTree = "<group>";
		};
		F267EE4427E12E68006CEDF8 /* Data Models */ = {
			isa = PBXGroup;
			children = (
				F299266327E2039900CE26ED /* Reflecting */,
				F299266227E2037200CE26ED /* Planning */,
			);
			path = "Data Models";
			sourceTree = "<group>";
		};
		F285775627E11B9A00A812F3 = {
			isa = PBXGroup;
			children = (
				F285775B27E11B9A00A812F3 /* Shared */,
				F285776A27E11B9A00A812F3 /* macOS */,
				F285776427E11B9A00A812F3 /* Products */,
			);
			sourceTree = "<group>";
		};
		F285775B27E11B9A00A812F3 /* Shared */ = {
			isa = PBXGroup;
			children = (
				F299266A27E25B1C00CE26ED /* Utils */,
				F267EE4427E12E68006CEDF8 /* Data Models */,
				F285777A27E11BDE00A812F3 /* Views */,
				F285775C27E11B9A00A812F3 /* ChronosApp.swift */,
				F285775D27E11B9A00A812F3 /* ContentView.swift */,
				F285775E27E11B9A00A812F3 /* Assets.xcassets */,
			);
			path = Shared;
			sourceTree = "<group>";
		};
		F285776427E11B9A00A812F3 /* Products */ = {
			isa = PBXGroup;
			children = (
				F285776327E11B9A00A812F3 /* Chronos.app */,
				F285776927E11B9A00A812F3 /* Chronos.app */,
			);
			name = Products;
			sourceTree = "<group>";
		};
		F285776A27E11B9A00A812F3 /* macOS */ = {
			isa = PBXGroup;
			children = (
				F285776B27E11B9A00A812F3 /* macOS.entitlements */,
			);
			path = macOS;
			sourceTree = "<group>";
		};
		F285777A27E11BDE00A812F3 /* Views */ = {
			isa = PBXGroup;
			children = (
				F213019627EA2190005D151F /* EditViews */,
				F2F7C0F527EE70FA00CB05F2 /* Overview */,
				F2F7C0F427EE70EB00CB05F2 /* Weekly */,
			);
			path = Views;
			sourceTree = "<group>";
		};
		F299266227E2037200CE26ED /* Planning */ = {
			isa = PBXGroup;
			children = (
				F299266E27E25DD300CE26ED /* TasksContainer.swift */,
				F267EE4727E12F2A006CEDF8 /* Task.swift */,
				F267EE4A27E12F6A006CEDF8 /* Category.swift */,
				F267EE4D27E13003006CEDF8 /* Epic.swift */,
				F267EE5027E130B5006CEDF8 /* Status.swift */,
			);
			path = Planning;
			sourceTree = "<group>";
		};
		F299266327E2039900CE26ED /* Reflecting */ = {
			isa = PBXGroup;
			children = (
				F299266427E203AB00CE26ED /* Emotion.swift */,
			);
			path = Reflecting;
			sourceTree = "<group>";
		};
		F299266A27E25B1C00CE26ED /* Utils */ = {
			isa = PBXGroup;
			children = (
				F299266B27E25B2400CE26ED /* Color+Codable.swift */,
				F299267527E2957300CE26ED /* Binding+Optionals.swift */,
				F2F0825E27E7E1F60035D461 /* AppColors.swift */,
				F213019A27EA9673005D151F /* CustomLabelStyles.swift */,
			);
			path = Utils;
			sourceTree = "<group>";
		};
		F2F7C0F427EE70EB00CB05F2 /* Weekly */ = {
			isa = PBXGroup;
			children = (
				F267EE5327E1350F006CEDF8 /* WeeklyTasksView.swift */,
				F285777B27E11CCE00A812F3 /* DailyTasksList.swift */,
				F2F0826127E8F7FE0035D461 /* ColorSelectorView.swift */,
			);
			path = Weekly;
			sourceTree = "<group>";
		};
		F2F7C0F527EE70FA00CB05F2 /* Overview */ = {
			isa = PBXGroup;
			children = (
				F2F7C0F627EE715000CB05F2 /* TasksOverview.swift */,
				F2F7C0F927EE7FB700CB05F2 /* TasksTableCell.swift */,
				F2F7C0FC27EE804100CB05F2 /* TasksTableHeader.swift */,
			);
			path = Overview;
			sourceTree = "<group>";
		};
/* End PBXGroup section */

/* Begin PBXNativeTarget section */
		F285776227E11B9A00A812F3 /* Chronos (iOS) */ = {
			isa = PBXNativeTarget;
			buildConfigurationList = F285777427E11B9A00A812F3 /* Build configuration list for PBXNativeTarget "Chronos (iOS)" */;
			buildPhases = (
				F285775F27E11B9A00A812F3 /* Sources */,
				F285776027E11B9A00A812F3 /* Frameworks */,
				F285776127E11B9A00A812F3 /* Resources */,
			);
			buildRules = (
			);
			dependencies = (
			);
			name = "Chronos (iOS)";
			productName = "Chronos (iOS)";
			productReference = F285776327E11B9A00A812F3 /* Chronos.app */;
			productType = "com.apple.product-type.application";
		};
		F285776827E11B9A00A812F3 /* Chronos (macOS) */ = {
			isa = PBXNativeTarget;
			buildConfigurationList = F285777727E11B9A00A812F3 /* Build configuration list for PBXNativeTarget "Chronos (macOS)" */;
			buildPhases = (
				F285776527E11B9A00A812F3 /* Sources */,
				F285776627E11B9A00A812F3 /* Frameworks */,
				F285776727E11B9A00A812F3 /* Resources */,
			);
			buildRules = (
			);
			dependencies = (
			);
			name = "Chronos (macOS)";
			productName = "Chronos (macOS)";
			productReference = F285776927E11B9A00A812F3 /* Chronos.app */;
			productType = "com.apple.product-type.application";
		};
/* End PBXNativeTarget section */

/* Begin PBXProject section */
		F285775727E11B9A00A812F3 /* Project object */ = {
			isa = PBXProject;
			attributes = {
				BuildIndependentTargetsInParallel = 1;
				LastSwiftUpdateCheck = 1320;
				LastUpgradeCheck = 1320;
				TargetAttributes = {
					F285776227E11B9A00A812F3 = {
						CreatedOnToolsVersion = 13.2.1;
					};
					F285776827E11B9A00A812F3 = {
						CreatedOnToolsVersion = 13.2.1;
					};
				};
			};
			buildConfigurationList = F285775A27E11B9A00A812F3 /* Build configuration list for PBXProject "Chronos" */;
			compatibilityVersion = "Xcode 13.0";
			developmentRegion = en;
			hasScannedForEncodings = 0;
			knownRegions = (
				en,
				Base,
			);
			mainGroup = F285775627E11B9A00A812F3;
			productRefGroup = F285776427E11B9A00A812F3 /* Products */;
			projectDirPath = "";
			projectRoot = "";
			targets = (
				F285776227E11B9A00A812F3 /* Chronos (iOS) */,
				F285776827E11B9A00A812F3 /* Chronos (macOS) */,
			);
		};
/* End PBXProject section */

/* Begin PBXResourcesBuildPhase section */
		F285776127E11B9A00A812F3 /* Resources */ = {
			isa = PBXResourcesBuildPhase;
			buildActionMask = 2147483647;
			files = (
				F285777027E11B9A00A812F3 /* Assets.xcassets in Resources */,
			);
			runOnlyForDeploymentPostprocessing = 0;
		};
		F285776727E11B9A00A812F3 /* Resources */ = {
			isa = PBXResourcesBuildPhase;
			buildActionMask = 2147483647;
			files = (
				F285777127E11B9A00A812F3 /* Assets.xcassets in Resources */,
			);
			runOnlyForDeploymentPostprocessing = 0;
		};
/* End PBXResourcesBuildPhase section */

/* Begin PBXSourcesBuildPhase section */
		F285775F27E11B9A00A812F3 /* Sources */ = {
			isa = PBXSourcesBuildPhase;
			buildActionMask = 2147483647;
			files = (
				F267EE4E27E13003006CEDF8 /* Epic.swift in Sources */,
				F213019827EA219F005D151F /* EpicEditView.swift in Sources */,
				F267EE4827E12F2A006CEDF8 /* Task.swift in Sources */,
				F299267627E2957300CE26ED /* Binding+Optionals.swift in Sources */,
				F299267227E28A8C00CE26ED /* TaskEditView.swift in Sources */,
				F267EE5427E1350F006CEDF8 /* WeeklyTasksView.swift in Sources */,
				F299266F27E25DD300CE26ED /* TasksContainer.swift in Sources */,
				F2F7C0F727EE715000CB05F2 /* TasksOverview.swift in Sources */,
				F2F7C0FD27EE804100CB05F2 /* TasksTableHeader.swift in Sources */,
				F267EE5127E130B5006CEDF8 /* Status.swift in Sources */,
				F267EE4B27E12F6A006CEDF8 /* Category.swift in Sources */,
				F299266527E203AB00CE26ED /* Emotion.swift in Sources */,
				F285776E27E11B9A00A812F3 /* ContentView.swift in Sources */,
				F285777C27E11CCE00A812F3 /* DailyTasksList.swift in Sources */,
				F213019B27EA9673005D151F /* CustomLabelStyles.swift in Sources */,
				F2F0826227E8F7FE0035D461 /* ColorSelectorView.swift in Sources */,
				F2F0825F27E7E1F60035D461 /* AppColors.swift in Sources */,
				F299266C27E25B2400CE26ED /* Color+Codable.swift in Sources */,
				F285776C27E11B9A00A812F3 /* ChronosApp.swift in Sources */,
				F2F7C0FA27EE7FB700CB05F2 /* TasksTableCell.swift in Sources */,
			);
			runOnlyForDeploymentPostprocessing = 0;
		};
		F285776527E11B9A00A812F3 /* Sources */ = {
			isa = PBXSourcesBuildPhase;
			buildActionMask = 2147483647;
			files = (
				F267EE4F27E13003006CEDF8 /* Epic.swift in Sources */,
				F213019927EA219F005D151F /* EpicEditView.swift in Sources */,
				F267EE4927E12F2A006CEDF8 /* Task.swift in Sources */,
				F299267727E2957300CE26ED /* Binding+Optionals.swift in Sources */,
				F299267327E28A8C00CE26ED /* TaskEditView.swift in Sources */,
				F267EE5527E1350F006CEDF8 /* WeeklyTasksView.swift in Sources */,
				F299267027E25DD300CE26ED /* TasksContainer.swift in Sources */,
				F2F7C0F827EE715000CB05F2 /* TasksOverview.swift in Sources */,
				F2F7C0FE27EE804100CB05F2 /* TasksTableHeader.swift in Sources */,
				F267EE5227E130B5006CEDF8 /* Status.swift in Sources */,
				F267EE4C27E12F6A006CEDF8 /* Category.swift in Sources */,
				F299266627E203AB00CE26ED /* Emotion.swift in Sources */,
				F285776F27E11B9A00A812F3 /* ContentView.swift in Sources */,
				F285777D27E11CCE00A812F3 /* DailyTasksList.swift in Sources */,
				F213019C27EA9673005D151F /* CustomLabelStyles.swift in Sources */,
				F2F0826327E8F7FE0035D461 /* ColorSelectorView.swift in Sources */,
				F2F0826027E7E1F60035D461 /* AppColors.swift in Sources */,
				F299266D27E25B2400CE26ED /* Color+Codable.swift in Sources */,
				F285776D27E11B9A00A812F3 /* ChronosApp.swift in Sources */,
				F2F7C0FB27EE7FB700CB05F2 /* TasksTableCell.swift in Sources */,
			);
			runOnlyForDeploymentPostprocessing = 0;
		};
/* End PBXSourcesBuildPhase section */

/* Begin XCBuildConfiguration section */
		F285777227E11B9A00A812F3 /* Debug */ = {
			isa = XCBuildConfiguration;
			buildSettings = {
				ALWAYS_SEARCH_USER_PATHS = NO;
				CLANG_ANALYZER_NONNULL = YES;
				CLANG_ANALYZER_NUMBER_OBJECT_CONVERSION = YES_AGGRESSIVE;
				CLANG_CXX_LANGUAGE_STANDARD = "gnu++17";
				CLANG_CXX_LIBRARY = "libc++";
				CLANG_ENABLE_MODULES = YES;
				CLANG_ENABLE_OBJC_ARC = YES;
				CLANG_ENABLE_OBJC_WEAK = YES;
				CLANG_WARN_BLOCK_CAPTURE_AUTORELEASING = YES;
				CLANG_WARN_BOOL_CONVERSION = YES;
				CLANG_WARN_COMMA = YES;
				CLANG_WARN_CONSTANT_CONVERSION = YES;
				CLANG_WARN_DEPRECATED_OBJC_IMPLEMENTATIONS = YES;
				CLANG_WARN_DIRECT_OBJC_ISA_USAGE = YES_ERROR;
				CLANG_WARN_DOCUMENTATION_COMMENTS = YES;
				CLANG_WARN_EMPTY_BODY = YES;
				CLANG_WARN_ENUM_CONVERSION = YES;
				CLANG_WARN_INFINITE_RECURSION = YES;
				CLANG_WARN_INT_CONVERSION = YES;
				CLANG_WARN_NON_LITERAL_NULL_CONVERSION = YES;
				CLANG_WARN_OBJC_IMPLICIT_RETAIN_SELF = YES;
				CLANG_WARN_OBJC_LITERAL_CONVERSION = YES;
				CLANG_WARN_OBJC_ROOT_CLASS = YES_ERROR;
				CLANG_WARN_QUOTED_INCLUDE_IN_FRAMEWORK_HEADER = YES;
				CLANG_WARN_RANGE_LOOP_ANALYSIS = YES;
				CLANG_WARN_STRICT_PROTOTYPES = YES;
				CLANG_WARN_SUSPICIOUS_MOVE = YES;
				CLANG_WARN_UNGUARDED_AVAILABILITY = YES_AGGRESSIVE;
				CLANG_WARN_UNREACHABLE_CODE = YES;
				CLANG_WARN__DUPLICATE_METHOD_MATCH = YES;
				COPY_PHASE_STRIP = NO;
				DEBUG_INFORMATION_FORMAT = dwarf;
				ENABLE_STRICT_OBJC_MSGSEND = YES;
				ENABLE_TESTABILITY = YES;
				GCC_C_LANGUAGE_STANDARD = gnu11;
				GCC_DYNAMIC_NO_PIC = NO;
				GCC_NO_COMMON_BLOCKS = YES;
				GCC_OPTIMIZATION_LEVEL = 0;
				GCC_PREPROCESSOR_DEFINITIONS = (
					"DEBUG=1",
					"$(inherited)",
				);
				GCC_WARN_64_TO_32_BIT_CONVERSION = YES;
				GCC_WARN_ABOUT_RETURN_TYPE = YES_ERROR;
				GCC_WARN_UNDECLARED_SELECTOR = YES;
				GCC_WARN_UNINITIALIZED_AUTOS = YES_AGGRESSIVE;
				GCC_WARN_UNUSED_FUNCTION = YES;
				GCC_WARN_UNUSED_VARIABLE = YES;
				MTL_ENABLE_DEBUG_INFO = INCLUDE_SOURCE;
				MTL_FAST_MATH = YES;
				ONLY_ACTIVE_ARCH = YES;
				SWIFT_ACTIVE_COMPILATION_CONDITIONS = DEBUG;
				SWIFT_OPTIMIZATION_LEVEL = "-Onone";
			};
			name = Debug;
		};
		F285777327E11B9A00A812F3 /* Release */ = {
			isa = XCBuildConfiguration;
			buildSettings = {
				ALWAYS_SEARCH_USER_PATHS = NO;
				CLANG_ANALYZER_NONNULL = YES;
				CLANG_ANALYZER_NUMBER_OBJECT_CONVERSION = YES_AGGRESSIVE;
				CLANG_CXX_LANGUAGE_STANDARD = "gnu++17";
				CLANG_CXX_LIBRARY = "libc++";
				CLANG_ENABLE_MODULES = YES;
				CLANG_ENABLE_OBJC_ARC = YES;
				CLANG_ENABLE_OBJC_WEAK = YES;
				CLANG_WARN_BLOCK_CAPTURE_AUTORELEASING = YES;
				CLANG_WARN_BOOL_CONVERSION = YES;
				CLANG_WARN_COMMA = YES;
				CLANG_WARN_CONSTANT_CONVERSION = YES;
				CLANG_WARN_DEPRECATED_OBJC_IMPLEMENTATIONS = YES;
				CLANG_WARN_DIRECT_OBJC_ISA_USAGE = YES_ERROR;
				CLANG_WARN_DOCUMENTATION_COMMENTS = YES;
				CLANG_WARN_EMPTY_BODY = YES;
				CLANG_WARN_ENUM_CONVERSION = YES;
				CLANG_WARN_INFINITE_RECURSION = YES;
				CLANG_WARN_INT_CONVERSION = YES;
				CLANG_WARN_NON_LITERAL_NULL_CONVERSION = YES;
				CLANG_WARN_OBJC_IMPLICIT_RETAIN_SELF = YES;
				CLANG_WARN_OBJC_LITERAL_CONVERSION = YES;
				CLANG_WARN_OBJC_ROOT_CLASS = YES_ERROR;
				CLANG_WARN_QUOTED_INCLUDE_IN_FRAMEWORK_HEADER = YES;
				CLANG_WARN_RANGE_LOOP_ANALYSIS = YES;
				CLANG_WARN_STRICT_PROTOTYPES = YES;
				CLANG_WARN_SUSPICIOUS_MOVE = YES;
				CLANG_WARN_UNGUARDED_AVAILABILITY = YES_AGGRESSIVE;
				CLANG_WARN_UNREACHABLE_CODE = YES;
				CLANG_WARN__DUPLICATE_METHOD_MATCH = YES;
				COPY_PHASE_STRIP = NO;
				DEBUG_INFORMATION_FORMAT = "dwarf-with-dsym";
				ENABLE_NS_ASSERTIONS = NO;
				ENABLE_STRICT_OBJC_MSGSEND = YES;
				GCC_C_LANGUAGE_STANDARD = gnu11;
				GCC_NO_COMMON_BLOCKS = YES;
				GCC_WARN_64_TO_32_BIT_CONVERSION = YES;
				GCC_WARN_ABOUT_RETURN_TYPE = YES_ERROR;
				GCC_WARN_UNDECLARED_SELECTOR = YES;
				GCC_WARN_UNINITIALIZED_AUTOS = YES_AGGRESSIVE;
				GCC_WARN_UNUSED_FUNCTION = YES;
				GCC_WARN_UNUSED_VARIABLE = YES;
				MTL_ENABLE_DEBUG_INFO = NO;
				MTL_FAST_MATH = YES;
				SWIFT_COMPILATION_MODE = wholemodule;
				SWIFT_OPTIMIZATION_LEVEL = "-O";
			};
			name = Release;
		};
		F285777527E11B9A00A812F3 /* Debug */ = {
			isa = XCBuildConfiguration;
			buildSettings = {
				ASSETCATALOG_COMPILER_APPICON_NAME = AppIcon;
				ASSETCATALOG_COMPILER_GLOBAL_ACCENT_COLOR_NAME = AccentColor;
				CODE_SIGN_STYLE = Automatic;
				CURRENT_PROJECT_VERSION = 1;
				DEVELOPMENT_TEAM = 837AWZP3M7;
				ENABLE_PREVIEWS = YES;
				GENERATE_INFOPLIST_FILE = YES;
				INFOPLIST_KEY_UIApplicationSceneManifest_Generation = YES;
				INFOPLIST_KEY_UIApplicationSupportsIndirectInputEvents = YES;
				INFOPLIST_KEY_UILaunchScreen_Generation = YES;
				INFOPLIST_KEY_UISupportedInterfaceOrientations_iPad = "UIInterfaceOrientationLandscapeLeft UIInterfaceOrientationLandscapeRight";
				INFOPLIST_KEY_UISupportedInterfaceOrientations_iPhone = "UIInterfaceOrientationPortrait UIInterfaceOrientationLandscapeLeft UIInterfaceOrientationLandscapeRight";
				IPHONEOS_DEPLOYMENT_TARGET = 15.2;
				LD_RUNPATH_SEARCH_PATHS = (
					"$(inherited)",
					"@executable_path/Frameworks",
				);
				MARKETING_VERSION = 1.0;
				PRODUCT_BUNDLE_IDENTIFIER = de.hamnaanaa.Chronos;
				PRODUCT_NAME = Chronos;
				SDKROOT = iphoneos;
				SWIFT_EMIT_LOC_STRINGS = YES;
				SWIFT_VERSION = 5.0;
				TARGETED_DEVICE_FAMILY = "1,2";
			};
			name = Debug;
		};
		F285777627E11B9A00A812F3 /* Release */ = {
			isa = XCBuildConfiguration;
			buildSettings = {
				ASSETCATALOG_COMPILER_APPICON_NAME = AppIcon;
				ASSETCATALOG_COMPILER_GLOBAL_ACCENT_COLOR_NAME = AccentColor;
				CODE_SIGN_STYLE = Automatic;
				CURRENT_PROJECT_VERSION = 1;
				DEVELOPMENT_TEAM = 837AWZP3M7;
				ENABLE_PREVIEWS = YES;
				GENERATE_INFOPLIST_FILE = YES;
				INFOPLIST_KEY_UIApplicationSceneManifest_Generation = YES;
				INFOPLIST_KEY_UIApplicationSupportsIndirectInputEvents = YES;
				INFOPLIST_KEY_UILaunchScreen_Generation = YES;
				INFOPLIST_KEY_UISupportedInterfaceOrientations_iPad = "UIInterfaceOrientationLandscapeLeft UIInterfaceOrientationLandscapeRight";
				INFOPLIST_KEY_UISupportedInterfaceOrientations_iPhone = "UIInterfaceOrientationPortrait UIInterfaceOrientationLandscapeLeft UIInterfaceOrientationLandscapeRight";
				IPHONEOS_DEPLOYMENT_TARGET = 15.2;
				LD_RUNPATH_SEARCH_PATHS = (
					"$(inherited)",
					"@executable_path/Frameworks",
				);
				MARKETING_VERSION = 1.0;
				PRODUCT_BUNDLE_IDENTIFIER = de.hamnaanaa.Chronos;
				PRODUCT_NAME = Chronos;
				SDKROOT = iphoneos;
				SWIFT_EMIT_LOC_STRINGS = YES;
				SWIFT_VERSION = 5.0;
				TARGETED_DEVICE_FAMILY = "1,2";
				VALIDATE_PRODUCT = YES;
			};
			name = Release;
		};
		F285777827E11B9A00A812F3 /* Debug */ = {
			isa = XCBuildConfiguration;
			buildSettings = {
				ASSETCATALOG_COMPILER_APPICON_NAME = AppIcon;
				ASSETCATALOG_COMPILER_GLOBAL_ACCENT_COLOR_NAME = AccentColor;
				CODE_SIGN_ENTITLEMENTS = macOS/macOS.entitlements;
				CODE_SIGN_STYLE = Automatic;
				COMBINE_HIDPI_IMAGES = YES;
				CURRENT_PROJECT_VERSION = 1;
				DEVELOPMENT_TEAM = 837AWZP3M7;
				ENABLE_HARDENED_RUNTIME = YES;
				ENABLE_PREVIEWS = YES;
				GENERATE_INFOPLIST_FILE = YES;
				INFOPLIST_KEY_NSHumanReadableCopyright = "";
				LD_RUNPATH_SEARCH_PATHS = (
					"$(inherited)",
					"@executable_path/../Frameworks",
				);
				MACOSX_DEPLOYMENT_TARGET = 12.1;
				MARKETING_VERSION = 1.0;
				PRODUCT_BUNDLE_IDENTIFIER = de.hamnaanaa.Chronos;
				PRODUCT_NAME = Chronos;
				SDKROOT = macosx;
				SWIFT_EMIT_LOC_STRINGS = YES;
				SWIFT_VERSION = 5.0;
			};
			name = Debug;
		};
		F285777927E11B9A00A812F3 /* Release */ = {
			isa = XCBuildConfiguration;
			buildSettings = {
				ASSETCATALOG_COMPILER_APPICON_NAME = AppIcon;
				ASSETCATALOG_COMPILER_GLOBAL_ACCENT_COLOR_NAME = AccentColor;
				CODE_SIGN_ENTITLEMENTS = macOS/macOS.entitlements;
				CODE_SIGN_STYLE = Automatic;
				COMBINE_HIDPI_IMAGES = YES;
				CURRENT_PROJECT_VERSION = 1;
				DEVELOPMENT_TEAM = 837AWZP3M7;
				ENABLE_HARDENED_RUNTIME = YES;
				ENABLE_PREVIEWS = YES;
				GENERATE_INFOPLIST_FILE = YES;
				INFOPLIST_KEY_NSHumanReadableCopyright = "";
				LD_RUNPATH_SEARCH_PATHS = (
					"$(inherited)",
					"@executable_path/../Frameworks",
				);
				MACOSX_DEPLOYMENT_TARGET = 12.1;
				MARKETING_VERSION = 1.0;
				PRODUCT_BUNDLE_IDENTIFIER = de.hamnaanaa.Chronos;
				PRODUCT_NAME = Chronos;
				SDKROOT = macosx;
				SWIFT_EMIT_LOC_STRINGS = YES;
				SWIFT_VERSION = 5.0;
			};
			name = Release;
		};
/* End XCBuildConfiguration section */

/* Begin XCConfigurationList section */
		F285775A27E11B9A00A812F3 /* Build configuration list for PBXProject "Chronos" */ = {
			isa = XCConfigurationList;
			buildConfigurations = (
				F285777227E11B9A00A812F3 /* Debug */,
				F285777327E11B9A00A812F3 /* Release */,
			);
			defaultConfigurationIsVisible = 0;
			defaultConfigurationName = Release;
		};
		F285777427E11B9A00A812F3 /* Build configuration list for PBXNativeTarget "Chronos (iOS)" */ = {
			isa = XCConfigurationList;
			buildConfigurations = (
				F285777527E11B9A00A812F3 /* Debug */,
				F285777627E11B9A00A812F3 /* Release */,
			);
			defaultConfigurationIsVisible = 0;
			defaultConfigurationName = Release;
		};
		F285777727E11B9A00A812F3 /* Build configuration list for PBXNativeTarget "Chronos (macOS)" */ = {
			isa = XCConfigurationList;
			buildConfigurations = (
				F285777827E11B9A00A812F3 /* Debug */,
				F285777927E11B9A00A812F3 /* Release */,
			);
			defaultConfigurationIsVisible = 0;
			defaultConfigurationName = Release;
		};
/* End XCConfigurationList section */
	};
	rootObject = F285775727E11B9A00A812F3 /* Project object */;
}
